// !$*UTF8*$!
{
	archiveVersion = 1;
	classes = {
	};
	objectVersion = 46;
	objects = {

/* Begin PBXBuildFile section */
		220A933DBE61EE0A870CBC37 /* Pods_RSSReader.framework in Frameworks */ = {isa = PBXBuildFile; fileRef = 489FFD02EFA982A2B7258CED /* Pods_RSSReader.framework */; };
		E62A13E11F3AE60A00CFB352 /* LDRRSSParser.swift in Sources */ = {isa = PBXBuildFile; fileRef = E62A13E01F3AE60A00CFB352 /* LDRRSSParser.swift */; };
		E62EB2541F344C6A009422A9 /* LDRRSSClient.swift in Sources */ = {isa = PBXBuildFile; fileRef = E62EB2521F344C6A009422A9 /* LDRRSSClient.swift */; };
		E64310F41F2D37CA00E6CCEE /* CloudKit.framework in Frameworks */ = {isa = PBXBuildFile; fileRef = E64310F31F2D37CA00E6CCEE /* CloudKit.framework */; };
		E6470DFD1F384022009BD68F /* SwiftyJSON.swift in Sources */ = {isa = PBXBuildFile; fileRef = E6470DFC1F384022009BD68F /* SwiftyJSON.swift */; };
		E6CAFCEF1F3455A00076E35C /* LDRConstant.swift in Sources */ = {isa = PBXBuildFile; fileRef = E6CAFCEE1F3455A00076E35C /* LDRConstant.swift */; };
		E6FD29D61F286E0A0057D0E8 /* AppDelegate.swift in Sources */ = {isa = PBXBuildFile; fileRef = E6FD29CF1F286E0A0057D0E8 /* AppDelegate.swift */; };
		E6FD29D71F286E0A0057D0E8 /* Main.storyboard in Resources */ = {isa = PBXBuildFile; fileRef = E6FD29D01F286E0A0057D0E8 /* Main.storyboard */; };
		E6FD29D81F286E0A0057D0E8 /* ViewController.swift in Sources */ = {isa = PBXBuildFile; fileRef = E6FD29D11F286E0A0057D0E8 /* ViewController.swift */; };
		E6FD29D91F286E0A0057D0E8 /* Assets.xcassets in Resources */ = {isa = PBXBuildFile; fileRef = E6FD29D31F286E0A0057D0E8 /* Assets.xcassets */; };
/* End PBXBuildFile section */

/* Begin PBXFileReference section */
		3D5DA5095B961956D6DDC3BC /* Pods-RSSReader.release.xcconfig */ = {isa = PBXFileReference; includeInIndex = 1; lastKnownFileType = text.xcconfig; name = "Pods-RSSReader.release.xcconfig"; path = "Pods/Target Support Files/Pods-RSSReader/Pods-RSSReader.release.xcconfig"; sourceTree = "<group>"; };
		489FFD02EFA982A2B7258CED /* Pods_RSSReader.framework */ = {isa = PBXFileReference; explicitFileType = wrapper.framework; includeInIndex = 0; path = Pods_RSSReader.framework; sourceTree = BUILT_PRODUCTS_DIR; };
		B92303FABB7C0802E1CD0F17 /* Pods-RSSReader.debug.xcconfig */ = {isa = PBXFileReference; includeInIndex = 1; lastKnownFileType = text.xcconfig; name = "Pods-RSSReader.debug.xcconfig"; path = "Pods/Target Support Files/Pods-RSSReader/Pods-RSSReader.debug.xcconfig"; sourceTree = "<group>"; };
		E62A13E01F3AE60A00CFB352 /* LDRRSSParser.swift */ = {isa = PBXFileReference; fileEncoding = 4; lastKnownFileType = sourcecode.swift; path = LDRRSSParser.swift; sourceTree = "<group>"; };
		E62EB2521F344C6A009422A9 /* LDRRSSClient.swift */ = {isa = PBXFileReference; fileEncoding = 4; lastKnownFileType = sourcecode.swift; path = LDRRSSClient.swift; sourceTree = "<group>"; };
		E62EB2551F344CD8009422A9 /* RSSReader-Bridging-Header.h */ = {isa = PBXFileReference; lastKnownFileType = sourcecode.c.h; path = "RSSReader-Bridging-Header.h"; sourceTree = "<group>"; };
		E64310F21F2D369300E6CCEE /* RSSReader.entitlements */ = {isa = PBXFileReference; lastKnownFileType = text.plist.entitlements; path = RSSReader.entitlements; sourceTree = "<group>"; };
		E64310F31F2D37CA00E6CCEE /* CloudKit.framework */ = {isa = PBXFileReference; lastKnownFileType = wrapper.framework; name = CloudKit.framework; path = System/Library/Frameworks/CloudKit.framework; sourceTree = SDKROOT; };
		E6470DFB1F384022009BD68F /* SwiftyJSON.h */ = {isa = PBXFileReference; fileEncoding = 4; lastKnownFileType = sourcecode.c.h; name = SwiftyJSON.h; path = SwiftyJSON/Source/SwiftyJSON.h; sourceTree = "<group>"; };
		E6470DFC1F384022009BD68F /* SwiftyJSON.swift */ = {isa = PBXFileReference; fileEncoding = 4; lastKnownFileType = sourcecode.swift; name = SwiftyJSON.swift; path = SwiftyJSON/Source/SwiftyJSON.swift; sourceTree = "<group>"; };
		E6CAFCEE1F3455A00076E35C /* LDRConstant.swift */ = {isa = PBXFileReference; fileEncoding = 4; lastKnownFileType = sourcecode.swift; path = LDRConstant.swift; sourceTree = "<group>"; };
		E6FD29BC1F2864630057D0E8 /* RSSReader.app */ = {isa = PBXFileReference; explicitFileType = wrapper.application; includeInIndex = 0; path = RSSReader.app; sourceTree = BUILT_PRODUCTS_DIR; };
		E6FD29CF1F286E0A0057D0E8 /* AppDelegate.swift */ = {isa = PBXFileReference; fileEncoding = 4; lastKnownFileType = sourcecode.swift; path = AppDelegate.swift; sourceTree = "<group>"; };
		E6FD29D01F286E0A0057D0E8 /* Main.storyboard */ = {isa = PBXFileReference; fileEncoding = 4; lastKnownFileType = file.storyboard; path = Main.storyboard; sourceTree = "<group>"; };
		E6FD29D11F286E0A0057D0E8 /* ViewController.swift */ = {isa = PBXFileReference; fileEncoding = 4; lastKnownFileType = sourcecode.swift; path = ViewController.swift; sourceTree = "<group>"; };
		E6FD29D31F286E0A0057D0E8 /* Assets.xcassets */ = {isa = PBXFileReference; lastKnownFileType = folder.assetcatalog; path = Assets.xcassets; sourceTree = "<group>"; };
/* End PBXFileReference section */

/* Begin PBXFrameworksBuildPhase section */
		E6FD29B91F2864630057D0E8 /* Frameworks */ = {
			isa = PBXFrameworksBuildPhase;
			buildActionMask = 2147483647;
			files = (
				220A933DBE61EE0A870CBC37 /* Pods_RSSReader.framework in Frameworks */,
				E64310F41F2D37CA00E6CCEE /* CloudKit.framework in Frameworks */,
			);
			runOnlyForDeploymentPostprocessing = 0;
		};
/* End PBXFrameworksBuildPhase section */

/* Begin PBXGroup section */
		5D00ECE4E6703675C99E8676 /* Frameworks */ = {
			isa = PBXGroup;
			children = (
				E64310F31F2D37CA00E6CCEE /* CloudKit.framework */,
				489FFD02EFA982A2B7258CED /* Pods_RSSReader.framework */,
			);
			name = Frameworks;
			sourceTree = "<group>";
		};
		D9ED5D998AE2B71D4B4C8633 /* Pods */ = {
			isa = PBXGroup;
			children = (
				B92303FABB7C0802E1CD0F17 /* Pods-RSSReader.debug.xcconfig */,
				3D5DA5095B961956D6DDC3BC /* Pods-RSSReader.release.xcconfig */,
			);
			name = Pods;
			sourceTree = "<group>";
		};
		E62EB2501F344C6A009422A9 /* RSS */ = {
			isa = PBXGroup;
			children = (
				E62EB2521F344C6A009422A9 /* LDRRSSClient.swift */,
				E62A13E01F3AE60A00CFB352 /* LDRRSSParser.swift */,
			);
			path = RSS;
			sourceTree = "<group>";
		};
		E6470DFA1F383FF7009BD68F /* SwiftyJSON */ = {
			isa = PBXGroup;
			children = (
				E6470DFB1F384022009BD68F /* SwiftyJSON.h */,
				E6470DFC1F384022009BD68F /* SwiftyJSON.swift */,
			);
			name = SwiftyJSON;
			sourceTree = "<group>";
		};
		E6FD29B31F2864630057D0E8 = {
			isa = PBXGroup;
			children = (
				E6FD29BE1F2864630057D0E8 /* RSSReader */,
				E6FD29BD1F2864630057D0E8 /* Products */,
				D9ED5D998AE2B71D4B4C8633 /* Pods */,
				5D00ECE4E6703675C99E8676 /* Frameworks */,
			);
			sourceTree = "<group>";
		};
		E6FD29BD1F2864630057D0E8 /* Products */ = {
			isa = PBXGroup;
			children = (
				E6FD29BC1F2864630057D0E8 /* RSSReader.app */,
			);
			name = Products;
			sourceTree = "<group>";
		};
		E6FD29BE1F2864630057D0E8 /* RSSReader */ = {
			isa = PBXGroup;
			children = (
				E64310F21F2D369300E6CCEE /* RSSReader.entitlements */,
				E6FD29CE1F286E0A0057D0E8 /* Classes */,
				E6FD29D21F286E0A0057D0E8 /* Resources */,
			);
			path = RSSReader;
			sourceTree = "<group>";
		};
		E6FD29CE1F286E0A0057D0E8 /* Classes */ = {
			isa = PBXGroup;
			children = (
				E6FD29CF1F286E0A0057D0E8 /* AppDelegate.swift */,
				E6FD29D01F286E0A0057D0E8 /* Main.storyboard */,
				E62EB2551F344CD8009422A9 /* RSSReader-Bridging-Header.h */,
				E6CAFCEE1F3455A00076E35C /* LDRConstant.swift */,
				E6FD29D11F286E0A0057D0E8 /* ViewController.swift */,
				E62EB2501F344C6A009422A9 /* RSS */,
				E6470DFA1F383FF7009BD68F /* SwiftyJSON */,
			);
			path = Classes;
			sourceTree = "<group>";
		};
		E6FD29D21F286E0A0057D0E8 /* Resources */ = {
			isa = PBXGroup;
			children = (
				E6FD29D31F286E0A0057D0E8 /* Assets.xcassets */,
				E6FD29D41F286E0A0057D0E8 /* Plists */,
			);
			path = Resources;
			sourceTree = "<group>";
		};
		E6FD29D41F286E0A0057D0E8 /* Plists */ = {
			isa = PBXGroup;
			children = (
			);
			path = Plists;
			sourceTree = "<group>";
		};
/* End PBXGroup section */

/* Begin PBXNativeTarget section */
		E6FD29BB1F2864630057D0E8 /* RSSReader */ = {
			isa = PBXNativeTarget;
			buildConfigurationList = E6FD29CB1F2864630057D0E8 /* Build configuration list for PBXNativeTarget "RSSReader" */;
			buildPhases = (
				3C519E302C88C9AE122EF99B /* [CP] Check Pods Manifest.lock */,
				E6FD29B81F2864630057D0E8 /* Sources */,
				E6FD29B91F2864630057D0E8 /* Frameworks */,
				E6FD29BA1F2864630057D0E8 /* Resources */,
				CCE3C8ACDBCC02498242082F /* [CP] Embed Pods Frameworks */,
				E6897E44E963B4DDFD5B607A /* [CP] Copy Pods Resources */,
			);
			buildRules = (
			);
			dependencies = (
			);
			name = RSSReader;
			productName = RSSReader;
			productReference = E6FD29BC1F2864630057D0E8 /* RSSReader.app */;
			productType = "com.apple.product-type.application";
		};
/* End PBXNativeTarget section */

/* Begin PBXProject section */
		E6FD29B41F2864630057D0E8 /* Project object */ = {
			isa = PBXProject;
			attributes = {
				LastSwiftUpdateCheck = 0830;
				LastUpgradeCheck = 0830;
				ORGANIZATIONNAME = kenzan8000;
				TargetAttributes = {
					E6FD29BB1F2864630057D0E8 = {
						CreatedOnToolsVersion = 8.3.3;
						DevelopmentTeam = 6RYZ4RB738;
						LastSwiftMigration = 0830;
						ProvisioningStyle = Automatic;
						SystemCapabilities = {
							com.apple.Push = {
								enabled = 0;
							};
							com.apple.iCloud = {
								enabled = 1;
							};
						};
					};
				};
			};
			buildConfigurationList = E6FD29B71F2864630057D0E8 /* Build configuration list for PBXProject "RSSReader" */;
			compatibilityVersion = "Xcode 3.2";
			developmentRegion = English;
			hasScannedForEncodings = 0;
			knownRegions = (
				en,
				Base,
			);
			mainGroup = E6FD29B31F2864630057D0E8;
			productRefGroup = E6FD29BD1F2864630057D0E8 /* Products */;
			projectDirPath = "";
			projectRoot = "";
			targets = (
				E6FD29BB1F2864630057D0E8 /* RSSReader */,
			);
		};
/* End PBXProject section */

/* Begin PBXResourcesBuildPhase section */
		E6FD29BA1F2864630057D0E8 /* Resources */ = {
			isa = PBXResourcesBuildPhase;
			buildActionMask = 2147483647;
			files = (
				E6FD29D91F286E0A0057D0E8 /* Assets.xcassets in Resources */,
				E6FD29D71F286E0A0057D0E8 /* Main.storyboard in Resources */,
			);
			runOnlyForDeploymentPostprocessing = 0;
		};
/* End PBXResourcesBuildPhase section */

/* Begin PBXShellScriptBuildPhase section */
		3C519E302C88C9AE122EF99B /* [CP] Check Pods Manifest.lock */ = {
			isa = PBXShellScriptBuildPhase;
			buildActionMask = 2147483647;
			files = (
			);
			inputPaths = (
			);
			name = "[CP] Check Pods Manifest.lock";
			outputPaths = (
			);
			runOnlyForDeploymentPostprocessing = 0;
			shellPath = /bin/sh;
			shellScript = "diff \"${PODS_ROOT}/../Podfile.lock\" \"${PODS_ROOT}/Manifest.lock\" > /dev/null\nif [ $? != 0 ] ; then\n    # print error to STDERR\n    echo \"error: The sandbox is not in sync with the Podfile.lock. Run 'pod install' or update your CocoaPods installation.\" >&2\n    exit 1\nfi\n";
			showEnvVarsInLog = 0;
		};
		CCE3C8ACDBCC02498242082F /* [CP] Embed Pods Frameworks */ = {
			isa = PBXShellScriptBuildPhase;
			buildActionMask = 2147483647;
			files = (
			);
			inputPaths = (
			);
			name = "[CP] Embed Pods Frameworks";
			outputPaths = (
			);
			runOnlyForDeploymentPostprocessing = 0;
			shellPath = /bin/sh;
			shellScript = "\"${SRCROOT}/Pods/Target Support Files/Pods-RSSReader/Pods-RSSReader-frameworks.sh\"\n";
			showEnvVarsInLog = 0;
		};
		E6897E44E963B4DDFD5B607A /* [CP] Copy Pods Resources */ = {
			isa = PBXShellScriptBuildPhase;
			buildActionMask = 2147483647;
			files = (
			);
			inputPaths = (
			);
			name = "[CP] Copy Pods Resources";
			outputPaths = (
			);
			runOnlyForDeploymentPostprocessing = 0;
			shellPath = /bin/sh;
			shellScript = "\"${SRCROOT}/Pods/Target Support Files/Pods-RSSReader/Pods-RSSReader-resources.sh\"\n";
			showEnvVarsInLog = 0;
		};
/* End PBXShellScriptBuildPhase section */

/* Begin PBXSourcesBuildPhase section */
		E6FD29B81F2864630057D0E8 /* Sources */ = {
			isa = PBXSourcesBuildPhase;
			buildActionMask = 2147483647;
			files = (
				E6CAFCEF1F3455A00076E35C /* LDRConstant.swift in Sources */,
				E6FD29D81F286E0A0057D0E8 /* ViewController.swift in Sources */,
				E6FD29D61F286E0A0057D0E8 /* AppDelegate.swift in Sources */,
				E6470DFD1F384022009BD68F /* SwiftyJSON.swift in Sources */,
				E62A13E11F3AE60A00CFB352 /* LDRRSSParser.swift in Sources */,
				E62EB2541F344C6A009422A9 /* LDRRSSClient.swift in Sources */,
			);
			runOnlyForDeploymentPostprocessing = 0;
		};
/* End PBXSourcesBuildPhase section */

/* Begin XCBuildConfiguration section */
		E6FD29C91F2864630057D0E8 /* Debug */ = {
			isa = XCBuildConfiguration;
			buildSettings = {
				ALWAYS_SEARCH_USER_PATHS = NO;
				CLANG_ANALYZER_NONNULL = YES;
				CLANG_ANALYZER_NUMBER_OBJECT_CONVERSION = YES_AGGRESSIVE;
				CLANG_CXX_LANGUAGE_STANDARD = "gnu++0x";
				CLANG_CXX_LIBRARY = "libc++";
				CLANG_ENABLE_MODULES = YES;
				CLANG_ENABLE_OBJC_ARC = YES;
				CLANG_WARN_BOOL_CONVERSION = YES;
				CLANG_WARN_CONSTANT_CONVERSION = YES;
				CLANG_WARN_DIRECT_OBJC_ISA_USAGE = YES_ERROR;
				CLANG_WARN_DOCUMENTATION_COMMENTS = YES;
				CLANG_WARN_EMPTY_BODY = YES;
				CLANG_WARN_ENUM_CONVERSION = YES;
				CLANG_WARN_INFINITE_RECURSION = YES;
				CLANG_WARN_INT_CONVERSION = YES;
				CLANG_WARN_OBJC_ROOT_CLASS = YES_ERROR;
				CLANG_WARN_SUSPICIOUS_MOVE = YES;
				CLANG_WARN_UNREACHABLE_CODE = YES;
				CLANG_WARN__DUPLICATE_METHOD_MATCH = YES;
				CODE_SIGN_IDENTITY = "-";
				COPY_PHASE_STRIP = NO;
				DEBUG_INFORMATION_FORMAT = dwarf;
				ENABLE_STRICT_OBJC_MSGSEND = YES;
				ENABLE_TESTABILITY = YES;
				GCC_C_LANGUAGE_STANDARD = gnu99;
				GCC_DYNAMIC_NO_PIC = NO;
				GCC_NO_COMMON_BLOCKS = YES;
				GCC_OPTIMIZATION_LEVEL = 0;
				GCC_PREPROCESSOR_DEFINITIONS = (
					"DEBUG=1",
					"$(inherited)",
				);
				GCC_WARN_64_TO_32_BIT_CONVERSION = YES;
				GCC_WARN_ABOUT_RETURN_TYPE = YES_ERROR;
				GCC_WARN_UNDECLARED_SELECTOR = YES;
				GCC_WARN_UNINITIALIZED_AUTOS = YES_AGGRESSIVE;
				GCC_WARN_UNUSED_FUNCTION = YES;
				GCC_WARN_UNUSED_VARIABLE = YES;
				HEADER_SEARCH_PATHS = "";
				MACOSX_DEPLOYMENT_TARGET = 10.12;
				MTL_ENABLE_DEBUG_INFO = YES;
				ONLY_ACTIVE_ARCH = YES;
				SDKROOT = macosx;
				SWIFT_ACTIVE_COMPILATION_CONDITIONS = DEBUG;
				SWIFT_OPTIMIZATION_LEVEL = "-Onone";
			};
			name = Debug;
		};
		E6FD29CA1F2864630057D0E8 /* Release */ = {
			isa = XCBuildConfiguration;
			buildSettings = {
				ALWAYS_SEARCH_USER_PATHS = NO;
				CLANG_ANALYZER_NONNULL = YES;
				CLANG_ANALYZER_NUMBER_OBJECT_CONVERSION = YES_AGGRESSIVE;
				CLANG_CXX_LANGUAGE_STANDARD = "gnu++0x";
				CLANG_CXX_LIBRARY = "libc++";
				CLANG_ENABLE_MODULES = YES;
				CLANG_ENABLE_OBJC_ARC = YES;
				CLANG_WARN_BOOL_CONVERSION = YES;
				CLANG_WARN_CONSTANT_CONVERSION = YES;
				CLANG_WARN_DIRECT_OBJC_ISA_USAGE = YES_ERROR;
				CLANG_WARN_DOCUMENTATION_COMMENTS = YES;
				CLANG_WARN_EMPTY_BODY = YES;
				CLANG_WARN_ENUM_CONVERSION = YES;
				CLANG_WARN_INFINITE_RECURSION = YES;
				CLANG_WARN_INT_CONVERSION = YES;
				CLANG_WARN_OBJC_ROOT_CLASS = YES_ERROR;
				CLANG_WARN_SUSPICIOUS_MOVE = YES;
				CLANG_WARN_UNREACHABLE_CODE = YES;
				CLANG_WARN__DUPLICATE_METHOD_MATCH = YES;
				CODE_SIGN_IDENTITY = "-";
				COPY_PHASE_STRIP = NO;
				DEBUG_INFORMATION_FORMAT = "dwarf-with-dsym";
				ENABLE_NS_ASSERTIONS = NO;
				ENABLE_STRICT_OBJC_MSGSEND = YES;
				GCC_C_LANGUAGE_STANDARD = gnu99;
				GCC_NO_COMMON_BLOCKS = YES;
				GCC_WARN_64_TO_32_BIT_CONVERSION = YES;
				GCC_WARN_ABOUT_RETURN_TYPE = YES_ERROR;
				GCC_WARN_UNDECLARED_SELECTOR = YES;
				GCC_WARN_UNINITIALIZED_AUTOS = YES_AGGRESSIVE;
				GCC_WARN_UNUSED_FUNCTION = YES;
				GCC_WARN_UNUSED_VARIABLE = YES;
				HEADER_SEARCH_PATHS = "";
				MACOSX_DEPLOYMENT_TARGET = 10.12;
				MTL_ENABLE_DEBUG_INFO = NO;
				SDKROOT = macosx;
				SWIFT_OPTIMIZATION_LEVEL = "-Owholemodule";
			};
			name = Release;
		};
		E6FD29CC1F2864630057D0E8 /* Debug */ = {
			isa = XCBuildConfiguration;
			baseConfigurationReference = B92303FABB7C0802E1CD0F17 /* Pods-RSSReader.debug.xcconfig */;
			buildSettings = {
				ASSETCATALOG_COMPILER_APPICON_NAME = AppIcon;
				CLANG_ENABLE_MODULES = YES;
				CODE_SIGN_ENTITLEMENTS = RSSReader/RSSReader.entitlements;
				CODE_SIGN_IDENTITY = "Mac Developer";
				COMBINE_HIDPI_IMAGES = YES;
				DEVELOPMENT_TEAM = 6RYZ4RB738;
				HEADER_SEARCH_PATHS = "\"$(PODS_ROOT)/AFNetworking/\"";
				INFOPLIST_FILE = "$(SRCROOT)/RSSReader/Resources/Plists/Info.plist";
				LD_RUNPATH_SEARCH_PATHS = "$(inherited) @executable_path/../Frameworks";
				PRODUCT_BUNDLE_IDENTIFIER = org.kenzan8000.RSSReader;
				PRODUCT_NAME = "$(TARGET_NAME)";
				PROVISIONING_PROFILE_SPECIFIER = "";
				SWIFT_OBJC_BRIDGING_HEADER = "RSSReader/Classes/RSSReader-Bridging-Header.h";
				SWIFT_OPTIMIZATION_LEVEL = "-Onone";
				SWIFT_VERSION = 3.0;
			};
			name = Debug;
		};
		E6FD29CD1F2864630057D0E8 /* Release */ = {
			isa = XCBuildConfiguration;
			baseConfigurationReference = 3D5DA5095B961956D6DDC3BC /* Pods-RSSReader.release.xcconfig */;
			buildSettings = {
				ASSETCATALOG_COMPILER_APPICON_NAME = AppIcon;
				CLANG_ENABLE_MODULES = YES;
				CODE_SIGN_ENTITLEMENTS = RSSReader/RSSReader.entitlements;
				CODE_SIGN_IDENTITY = "Mac Developer";
				COMBINE_HIDPI_IMAGES = YES;
				DEVELOPMENT_TEAM = 6RYZ4RB738;
				HEADER_SEARCH_PATHS = "\"$(PODS_ROOT)/AFNetworking/\"";
				INFOPLIST_FILE = "$(SRCROOT)/RSSReader/Resources/Plists/Info.plist";
				LD_RUNPATH_SEARCH_PATHS = "$(inherited) @executable_path/../Frameworks";
				PRODUCT_BUNDLE_IDENTIFIER = org.kenzan8000.RSSReader;
				PRODUCT_NAME = "$(TARGET_NAME)";
				PROVISIONING_PROFILE_SPECIFIER = "";
				SWIFT_OBJC_BRIDGING_HEADER = "RSSReader/Classes/RSSReader-Bridging-Header.h";
				SWIFT_VERSION = 3.0;
			};
			name = Release;
		};
/* End XCBuildConfiguration section */

/* Begin XCConfigurationList section */
		E6FD29B71F2864630057D0E8 /* Build configuration list for PBXProject "RSSReader" */ = {
			isa = XCConfigurationList;
			buildConfigurations = (
				E6FD29C91F2864630057D0E8 /* Debug */,
				E6FD29CA1F2864630057D0E8 /* Release */,
			);
			defaultConfigurationIsVisible = 0;
			defaultConfigurationName = Release;
		};
		E6FD29CB1F2864630057D0E8 /* Build configuration list for PBXNativeTarget "RSSReader" */ = {
			isa = XCConfigurationList;
			buildConfigurations = (
				E6FD29CC1F2864630057D0E8 /* Debug */,
				E6FD29CD1F2864630057D0E8 /* Release */,
			);
			defaultConfigurationIsVisible = 0;
			defaultConfigurationName = Release;
		};
/* End XCConfigurationList section */
	};
	rootObject = E6FD29B41F2864630057D0E8 /* Project object */;
}
